
Microsoft Visual Studio Solution File, Format Version 12.00
# Visual Studio Version 16
VisualStudioVersion = 16.0.31105.61
MinimumVisualStudioVersion = 10.0.40219.1
Project("{FAE04EC0-301F-11D3-BF4B-00C04F79EFBC}") = "Reservuary", "Reservuary\Reservuary.csproj", "{41C6472F-53AF-499E-AF19-DCC0CE08F6EA}"
EndProject
Global
	GlobalSection(SolutionConfigurationPlatforms) = preSolution
		Debug|Any CPU = Debug|Any CPU
		Release|Any CPU = Release|Any CPU
	EndGlobalSection
	GlobalSection(ProjectConfigurationPlatforms) = postSolution
		{41C6472F-53AF-499E-AF19-DCC0CE08F6EA}.Debug|Any CPU.ActiveCfg = Debug|Any CPU
		{41C6472F-53AF-499E-AF19-DCC0CE08F6EA}.Debug|Any CPU.Build.0 = Debug|Any CPU
		{41C6472F-53AF-499E-AF19-DCC0CE08F6EA}.Release|Any CPU.ActiveCfg = Release|Any CPU
		{41C6472F-53AF-499E-AF19-DCC0CE08F6EA}.Release|Any CPU.Build.0 = Release|Any CPU
	EndGlobalSection
	GlobalSection(SolutionProperties) = preSolution
		HideSolutionNode = FALSE
	EndGlobalSection
	GlobalSection(ExtensibilityGlobals) = postSolution
		SolutionGuid = {1B2C1C90-A2BE-45B5-832A-AA5BCAFF1B4F}
	EndGlobalSection
EndGlobal
